<?xml version="1.0" encoding="utf-8"?>
<Project ToolsVersion="4.0" xmlns="http://schemas.microsoft.com/developer/msbuild/2003">
  <ItemGroup>
    <ClCompile Include="Algos\F5.cpp" />
    <ClCompile Include="Algos\LSB.cpp" />
    <ClCompile Include="Algos\LSBExtended.cpp" />
    <ClCompile Include="Application.cpp" />
    <ClCompile Include="Dialog\DialogBlur.cpp" />
    <ClCompile Include="Dialog\DialogResize.cpp" />
    <ClCompile Include="GDIplos.cpp" />
    <ClCompile Include="Logger.cpp" />
    <ClCompile Include="main.cpp" />
    <ClCompile Include="Algos\MatriceEmbedding.cpp" />
    <ClCompile Include="ResAnalysis.cpp" />
    <ClCompile Include="Window.cpp" />
  </ItemGroup>
  <ItemGroup>
    <ClInclude Include="Algos\F5.h" />
    <ClInclude Include="Algos\LSB.h" />
    <ClInclude Include="Algos\LSBExtended.h" />
    <ClInclude Include="Application.h" />
    <ClInclude Include="BinaryBuffer.h" />
    <ClInclude Include="Dialog\DialogBlur.h" />
    <ClInclude Include="Dialog\DialogResize.h" />
    <ClInclude Include="GDIplos.h" />
    <ClInclude Include="Logger.h" />
    <ClInclude Include="Algos\MatriceEmbedding.h" />
    <ClInclude Include="ResAnalysis.h" />
    <ClInclude Include="resource.h" />
    <ClInclude Include="Window.h" />
  </ItemGroup>
  <ItemGroup>
    <ResourceCompile Include="gtech4-projet2-steg.rc" />
  </ItemGroup>
  <ItemGroup>
    <None Include="README.md" />
  </ItemGroup>
</Project>